
Microsoft Visual Studio Solution File, Format Version 12.00
# Visual Studio Version 17
VisualStudioVersion = 17.0.31903.59
MinimumVisualStudioVersion = 10.0.40219.1
Project("{FAE04EC0-301F-11D3-BF4B-00C04F79EFBC}") = "detect-people", "detect-people.csproj", "{8028483D-93B0-41A4-904B-05F8516E8BCF}"
EndProject
Global
	GlobalSection(SolutionConfigurationPlatforms) = preSolution
		Debug|Any CPU = Debug|Any CPU
		Release|Any CPU = Release|Any CPU
	EndGlobalSection
	GlobalSection(SolutionProperties) = preSolution
		HideSolutionNode = FALSE
	EndGlobalSection
	GlobalSection(ProjectConfigurationPlatforms) = postSolution
		{8028483D-93B0-41A4-904B-05F8516E8BCF}.Debug|Any CPU.ActiveCfg = Debug|Any CPU
		{8028483D-93B0-41A4-904B-05F8516E8BCF}.Debug|Any CPU.Build.0 = Debug|Any CPU
		{8028483D-93B0-41A4-904B-05F8516E8BCF}.Release|Any CPU.ActiveCfg = Release|Any CPU
		{8028483D-93B0-41A4-904B-05F8516E8BCF}.Release|Any CPU.Build.0 = Release|Any CPU
	EndGlobalSection
EndGlobal
