
Microsoft Visual Studio Solution File, Format Version 12.00
# Visual Studio Version 17
VisualStudioVersion = 17.10.35013.160
MinimumVisualStudioVersion = 10.0.40219.1
Project("{9A19103F-16F7-4668-BE54-9A1E7A4F7556}") = "mlops-example", "mlops-example.csproj", "{2DDD76F1-3ECA-47E3-8811-0587DD10E213}"
EndProject
Global
	GlobalSection(SolutionConfigurationPlatforms) = preSolution
		Debug|Any CPU = Debug|Any CPU
		Release|Any CPU = Release|Any CPU
	EndGlobalSection
	GlobalSection(ProjectConfigurationPlatforms) = postSolution
		{2DDD76F1-3ECA-47E3-8811-0587DD10E213}.Debug|Any CPU.ActiveCfg = Debug|Any CPU
		{2DDD76F1-3ECA-47E3-8811-0587DD10E213}.Debug|Any CPU.Build.0 = Debug|Any CPU
		{2DDD76F1-3ECA-47E3-8811-0587DD10E213}.Release|Any CPU.ActiveCfg = Release|Any CPU
		{2DDD76F1-3ECA-47E3-8811-0587DD10E213}.Release|Any CPU.Build.0 = Release|Any CPU
	EndGlobalSection
	GlobalSection(SolutionProperties) = preSolution
		HideSolutionNode = FALSE
	EndGlobalSection
	GlobalSection(ExtensibilityGlobals) = postSolution
		SolutionGuid = {3E3B063D-C0C4-44F9-9D8E-E4281E8C9D0C}
	EndGlobalSection
EndGlobal
